Microsoft Visual Studio Solution File, Format Version 12.00
# Visual Studio Version 17
VisualStudioVersion = 17.5.2.0
MinimumVisualStudioVersion = 10.0.40219.1
Project("{2150E333-8FDC-42A3-9474-1A3956D46DE8}") = "src", "src", "{827E0CD3-B72D-47B6-A68D-7590B98EB39B}"
EndProject
Project("{2150E333-8FDC-42A3-9474-1A3956D46DE8}") = "PSM.Services", "PSM.Services", "{DBD92629-42F6-53A9-7796-64A18F96696A}"
EndProject
Project("{2150E333-8FDC-42A3-9474-1A3956D46DE8}") = "Catalog", "Catalog", "{684A07DC-F159-F925-AC73-7D41ADECD0D1}"
EndProject
Project("{FAE04EC0-301F-11D3-BF4B-00C04F79EFBC}") = "Catalog.API", "src\PSM.Services\Catalog\Catalog.API\Catalog.API.csproj", "{ACA87708-8244-886C-3A94-3D1F99108CAD}"
EndProject
Project("{2150E333-8FDC-42A3-9474-1A3956D46DE8}") = "PSM.BuildingBlocks", "PSM.BuildingBlocks", "{10416499-4366-4E36-991E-1E8DAB9E563A}"
EndProject
Project("{FAE04EC0-301F-11D3-BF4B-00C04F79EFBC}") = "BuildingBlocks", "src\PSM.BuildingBlocks\BuildingBlocks\BuildingBlocks.csproj", "{D7D750C5-DFEE-464E-847E-F1B666BB3117}"
EndProject
Project("{E53339B2-1760-4266-BCC7-CA923CBCF16C}") = "docker-compose", "docker-compose.dcproj", "{FE72B717-76AD-4B2A-BF08-19848C85E92F}"
EndProject
Project("{2150E333-8FDC-42A3-9474-1A3956D46DE8}") = "Basket", "Basket", "{5F8487E1-A6DA-4C88-8EFC-7FA6DFAFBC4E}"
EndProject
Project("{FAE04EC0-301F-11D3-BF4B-00C04F79EFBC}") = "Basket.API", "src\PSM.Services\Basket\Basket.API\Basket.API.csproj", "{54CD403E-CAE9-4C2E-820B-FBB0D56202B8}"
EndProject
Project("{2150E333-8FDC-42A3-9474-1A3956D46DE8}") = "Discount", "Discount", "{2062C2AA-894C-4ABF-9484-EEA729B5815B}"
EndProject
Project("{FAE04EC0-301F-11D3-BF4B-00C04F79EFBC}") = "Discount.gRPC", "src\PSM.Services\Discount\Discount.gRPC\Discount.gRPC.csproj", "{101A7B7B-1C70-41E5-A347-F53239EECDDA}"
EndProject
Global
	GlobalSection(SolutionConfigurationPlatforms) = preSolution
		Debug|Any CPU = Debug|Any CPU
		Release|Any CPU = Release|Any CPU
	EndGlobalSection
	GlobalSection(ProjectConfigurationPlatforms) = postSolution
		{ACA87708-8244-886C-3A94-3D1F99108CAD}.Debug|Any CPU.ActiveCfg = Debug|Any CPU
		{ACA87708-8244-886C-3A94-3D1F99108CAD}.Debug|Any CPU.Build.0 = Debug|Any CPU
		{ACA87708-8244-886C-3A94-3D1F99108CAD}.Release|Any CPU.ActiveCfg = Release|Any CPU
		{ACA87708-8244-886C-3A94-3D1F99108CAD}.Release|Any CPU.Build.0 = Release|Any CPU
		{D7D750C5-DFEE-464E-847E-F1B666BB3117}.Debug|Any CPU.ActiveCfg = Debug|Any CPU
		{D7D750C5-DFEE-464E-847E-F1B666BB3117}.Debug|Any CPU.Build.0 = Debug|Any CPU
		{D7D750C5-DFEE-464E-847E-F1B666BB3117}.Release|Any CPU.ActiveCfg = Release|Any CPU
		{D7D750C5-DFEE-464E-847E-F1B666BB3117}.Release|Any CPU.Build.0 = Release|Any CPU
		{FE72B717-76AD-4B2A-BF08-19848C85E92F}.Debug|Any CPU.ActiveCfg = Debug|Any CPU
		{FE72B717-76AD-4B2A-BF08-19848C85E92F}.Debug|Any CPU.Build.0 = Debug|Any CPU
		{FE72B717-76AD-4B2A-BF08-19848C85E92F}.Release|Any CPU.ActiveCfg = Release|Any CPU
		{FE72B717-76AD-4B2A-BF08-19848C85E92F}.Release|Any CPU.Build.0 = Release|Any CPU
		{54CD403E-CAE9-4C2E-820B-FBB0D56202B8}.Debug|Any CPU.ActiveCfg = Debug|Any CPU
		{54CD403E-CAE9-4C2E-820B-FBB0D56202B8}.Debug|Any CPU.Build.0 = Debug|Any CPU
		{54CD403E-CAE9-4C2E-820B-FBB0D56202B8}.Release|Any CPU.ActiveCfg = Release|Any CPU
		{54CD403E-CAE9-4C2E-820B-FBB0D56202B8}.Release|Any CPU.Build.0 = Release|Any CPU
		{101A7B7B-1C70-41E5-A347-F53239EECDDA}.Debug|Any CPU.ActiveCfg = Debug|Any CPU
		{101A7B7B-1C70-41E5-A347-F53239EECDDA}.Debug|Any CPU.Build.0 = Debug|Any CPU
		{101A7B7B-1C70-41E5-A347-F53239EECDDA}.Release|Any CPU.ActiveCfg = Release|Any CPU
		{101A7B7B-1C70-41E5-A347-F53239EECDDA}.Release|Any CPU.Build.0 = Release|Any CPU
	EndGlobalSection
	GlobalSection(SolutionProperties) = preSolution
		HideSolutionNode = FALSE
	EndGlobalSection
	GlobalSection(NestedProjects) = preSolution
		{DBD92629-42F6-53A9-7796-64A18F96696A} = {827E0CD3-B72D-47B6-A68D-7590B98EB39B}
		{684A07DC-F159-F925-AC73-7D41ADECD0D1} = {DBD92629-42F6-53A9-7796-64A18F96696A}
		{ACA87708-8244-886C-3A94-3D1F99108CAD} = {684A07DC-F159-F925-AC73-7D41ADECD0D1}
		{10416499-4366-4E36-991E-1E8DAB9E563A} = {827E0CD3-B72D-47B6-A68D-7590B98EB39B}
		{D7D750C5-DFEE-464E-847E-F1B666BB3117} = {10416499-4366-4E36-991E-1E8DAB9E563A}
		{5F8487E1-A6DA-4C88-8EFC-7FA6DFAFBC4E} = {DBD92629-42F6-53A9-7796-64A18F96696A}
		{54CD403E-CAE9-4C2E-820B-FBB0D56202B8} = {5F8487E1-A6DA-4C88-8EFC-7FA6DFAFBC4E}
		{2062C2AA-894C-4ABF-9484-EEA729B5815B} = {DBD92629-42F6-53A9-7796-64A18F96696A}
		{101A7B7B-1C70-41E5-A347-F53239EECDDA} = {2062C2AA-894C-4ABF-9484-EEA729B5815B}
	EndGlobalSection
	GlobalSection(ExtensibilityGlobals) = postSolution
		SolutionGuid = {EE9A7299-51E1-45D6-918F-70694A05BF0A}
	EndGlobalSection
EndGlobal
